// !$*UTF8*$!
{
	archiveVersion = 1;
	classes = {
	};
	objectVersion = 48;
	objects = {

/* Begin PBXBuildFile section */
		FA1550EF200909750009EB00 /* AppDelegate.swift in Sources */ = {isa = PBXBuildFile; fileRef = FA1550EE200909750009EB00 /* AppDelegate.swift */; };
		FA1550F1200909750009EB00 /* ViewController.swift in Sources */ = {isa = PBXBuildFile; fileRef = FA1550F0200909750009EB00 /* ViewController.swift */; };
		FA1550F4200909750009EB00 /* Main.storyboard in Resources */ = {isa = PBXBuildFile; fileRef = FA1550F2200909750009EB00 /* Main.storyboard */; };
		FA1550F6200909750009EB00 /* Assets.xcassets in Resources */ = {isa = PBXBuildFile; fileRef = FA1550F5200909750009EB00 /* Assets.xcassets */; };
		FA1550F9200909750009EB00 /* LaunchScreen.storyboard in Resources */ = {isa = PBXBuildFile; fileRef = FA1550F7200909750009EB00 /* LaunchScreen.storyboard */; };
		FA1551012009126D0009EB00 /* EmojiTableViewCell.swift in Sources */ = {isa = PBXBuildFile; fileRef = FA1551002009126D0009EB00 /* EmojiTableViewCell.swift */; };
		FA155103200916A60009EB00 /* Estructuras.swift in Sources */ = {isa = PBXBuildFile; fileRef = FA155102200916A60009EB00 /* Estructuras.swift */; };
/* End PBXBuildFile section */

/* Begin PBXFileReference section */
		FA1550EB200909750009EB00 /* tableview2.app */ = {isa = PBXFileReference; explicitFileType = wrapper.application; includeInIndex = 0; path = tableview2.app; sourceTree = BUILT_PRODUCTS_DIR; };
		FA1550EE200909750009EB00 /* AppDelegate.swift */ = {isa = PBXFileReference; lastKnownFileType = sourcecode.swift; path = AppDelegate.swift; sourceTree = "<group>"; };
		FA1550F0200909750009EB00 /* ViewController.swift */ = {isa = PBXFileReference; lastKnownFileType = sourcecode.swift; path = ViewController.swift; sourceTree = "<group>"; };
		FA1550F3200909750009EB00 /* Base */ = {isa = PBXFileReference; lastKnownFileType = file.storyboard; name = Base; path = Base.lproj/Main.storyboard; sourceTree = "<group>"; };
		FA1550F5200909750009EB00 /* Assets.xcassets */ = {isa = PBXFileReference; lastKnownFileType = folder.assetcatalog; path = Assets.xcassets; sourceTree = "<group>"; };
		FA1550F8200909750009EB00 /* Base */ = {isa = PBXFileReference; lastKnownFileType = file.storyboard; name = Base; path = Base.lproj/LaunchScreen.storyboard; sourceTree = "<group>"; };
		FA1550FA200909750009EB00 /* Info.plist */ = {isa = PBXFileReference; lastKnownFileType = text.plist.xml; path = Info.plist; sourceTree = "<group>"; };
		FA1551002009126D0009EB00 /* EmojiTableViewCell.swift */ = {isa = PBXFileReference; lastKnownFileType = sourcecode.swift; path = EmojiTableViewCell.swift; sourceTree = "<group>"; };
		FA155102200916A60009EB00 /* Estructuras.swift */ = {isa = PBXFileReference; lastKnownFileType = sourcecode.swift; path = Estructuras.swift; sourceTree = "<group>"; };
/* End PBXFileReference section */

/* Begin PBXFrameworksBuildPhase section */
		FA1550E8200909750009EB00 /* Frameworks */ = {
			isa = PBXFrameworksBuildPhase;
			buildActionMask = 2147483647;
			files = (
			);
			runOnlyForDeploymentPostprocessing = 0;
		};
/* End PBXFrameworksBuildPhase section */

/* Begin PBXGroup section */
		FA1550E2200909750009EB00 = {
			isa = PBXGroup;
			children = (
				FA1550ED200909750009EB00 /* tableview2 */,
				FA1550EC200909750009EB00 /* Products */,
			);
			sourceTree = "<group>";
		};
		FA1550EC200909750009EB00 /* Products */ = {
			isa = PBXGroup;
			children = (
				FA1550EB200909750009EB00 /* tableview2.app */,
			);
			name = Products;
			sourceTree = "<group>";
		};
		FA1550ED200909750009EB00 /* tableview2 */ = {
			isa = PBXGroup;
			children = (
				FA1550EE200909750009EB00 /* AppDelegate.swift */,
				FA1550F0200909750009EB00 /* ViewController.swift */,
				FA155104200916AE0009EB00 /* Modelos */,
				FA1551002009126D0009EB00 /* EmojiTableViewCell.swift */,
				FA1550F2200909750009EB00 /* Main.storyboard */,
				FA1550F5200909750009EB00 /* Assets.xcassets */,
				FA1550F7200909750009EB00 /* LaunchScreen.storyboard */,
				FA1550FA200909750009EB00 /* Info.plist */,
			);
			path = tableview2;
			sourceTree = "<group>";
		};
		FA155104200916AE0009EB00 /* Modelos */ = {
			isa = PBXGroup;
			children = (
				FA155102200916A60009EB00 /* Estructuras.swift */,
			);
			path = Modelos;
			sourceTree = "<group>";
		};
/* End PBXGroup section */

/* Begin PBXNativeTarget section */
		FA1550EA200909750009EB00 /* tableview2 */ = {
			isa = PBXNativeTarget;
			buildConfigurationList = FA1550FD200909750009EB00 /* Build configuration list for PBXNativeTarget "tableview2" */;
			buildPhases = (
				FA1550E7200909750009EB00 /* Sources */,
				FA1550E8200909750009EB00 /* Frameworks */,
				FA1550E9200909750009EB00 /* Resources */,
			);
			buildRules = (
			);
			dependencies = (
			);
			name = tableview2;
			productName = tableview2;
			productReference = FA1550EB200909750009EB00 /* tableview2.app */;
			productType = "com.apple.product-type.application";
		};
/* End PBXNativeTarget section */

/* Begin PBXProject section */
		FA1550E3200909750009EB00 /* Project object */ = {
			isa = PBXProject;
			attributes = {
				LastSwiftUpdateCheck = 0920;
				LastUpgradeCheck = 0920;
				ORGANIZATIONNAME = macbook;
				TargetAttributes = {
					FA1550EA200909750009EB00 = {
						CreatedOnToolsVersion = 9.2;
						ProvisioningStyle = Automatic;
					};
				};
			};
			buildConfigurationList = FA1550E6200909750009EB00 /* Build configuration list for PBXProject "tableview2" */;
			compatibilityVersion = "Xcode 8.0";
			developmentRegion = en;
			hasScannedForEncodings = 0;
			knownRegions = (
				en,
				Base,
			);
			mainGroup = FA1550E2200909750009EB00;
			productRefGroup = FA1550EC200909750009EB00 /* Products */;
			projectDirPath = "";
			projectRoot = "";
			targets = (
				FA1550EA200909750009EB00 /* tableview2 */,
			);
		};
/* End PBXProject section */

/* Begin PBXResourcesBuildPhase section */
		FA1550E9200909750009EB00 /* Resources */ = {
			isa = PBXResourcesBuildPhase;
			buildActionMask = 2147483647;
			files = (
				FA1550F9200909750009EB00 /* LaunchScreen.storyboard in Resources */,
				FA1550F6200909750009EB00 /* Assets.xcassets in Resources */,
				FA1550F4200909750009EB00 /* Main.storyboard in Resources */,
			);
			runOnlyForDeploymentPostprocessing = 0;
		};
/* End PBXResourcesBuildPhase section */

/* Begin PBXSourcesBuildPhase section */
		FA1550E7200909750009EB00 /* Sources */ = {
			isa = PBXSourcesBuildPhase;
			buildActionMask = 2147483647;
			files = (
				FA1550F1200909750009EB00 /* ViewController.swift in Sources */,
				FA155103200916A60009EB00 /* Estructuras.swift in Sources */,
				FA1551012009126D0009EB00 /* EmojiTableViewCell.swift in Sources */,
				FA1550EF200909750009EB00 /* AppDelegate.swift in Sources */,
			);
			runOnlyForDeploymentPostprocessing = 0;
		};
/* End PBXSourcesBuildPhase section */

/* Begin PBXVariantGroup section */
		FA1550F2200909750009EB00 /* Main.storyboard */ = {
			isa = PBXVariantGroup;
			children = (
				FA1550F3200909750009EB00 /* Base */,
			);
			name = Main.storyboard;
			sourceTree = "<group>";
		};
		FA1550F7200909750009EB00 /* LaunchScreen.storyboard */ = {
			isa = PBXVariantGroup;
			children = (
				FA1550F8200909750009EB00 /* Base */,
			);
			name = LaunchScreen.storyboard;
			sourceTree = "<group>";
		};
/* End PBXVariantGroup section */

/* Begin XCBuildConfiguration section */
		FA1550FB200909750009EB00 /* Debug */ = {
			isa = XCBuildConfiguration;
			buildSettings = {
				ALWAYS_SEARCH_USER_PATHS = NO;
				CLANG_ANALYZER_NONNULL = YES;
				CLANG_ANALYZER_NUMBER_OBJECT_CONVERSION = YES_AGGRESSIVE;
				CLANG_CXX_LANGUAGE_STANDARD = "gnu++14";
				CLANG_CXX_LIBRARY = "libc++";
				CLANG_ENABLE_MODULES = YES;
				CLANG_ENABLE_OBJC_ARC = YES;
				CLANG_WARN_BLOCK_CAPTURE_AUTORELEASING = YES;
				CLANG_WARN_BOOL_CONVERSION = YES;
				CLANG_WARN_COMMA = YES;
				CLANG_WARN_CONSTANT_CONVERSION = YES;
				CLANG_WARN_DIRECT_OBJC_ISA_USAGE = YES_ERROR;
				CLANG_WARN_DOCUMENTATION_COMMENTS = YES;
				CLANG_WARN_EMPTY_BODY = YES;
				CLANG_WARN_ENUM_CONVERSION = YES;
				CLANG_WARN_INFINITE_RECURSION = YES;
				CLANG_WARN_INT_CONVERSION = YES;
				CLANG_WARN_NON_LITERAL_NULL_CONVERSION = YES;
				CLANG_WARN_OBJC_LITERAL_CONVERSION = YES;
				CLANG_WARN_OBJC_ROOT_CLASS = YES_ERROR;
				CLANG_WARN_RANGE_LOOP_ANALYSIS = YES;
				CLANG_WARN_STRICT_PROTOTYPES = YES;
				CLANG_WARN_SUSPICIOUS_MOVE = YES;
				CLANG_WARN_UNGUARDED_AVAILABILITY = YES_AGGRESSIVE;
				CLANG_WARN_UNREACHABLE_CODE = YES;
				CLANG_WARN__DUPLICATE_METHOD_MATCH = YES;
				CODE_SIGN_IDENTITY = "iPhone Developer";
				COPY_PHASE_STRIP = NO;
				DEBUG_INFORMATION_FORMAT = dwarf;
				ENABLE_STRICT_OBJC_MSGSEND = YES;
				ENABLE_TESTABILITY = YES;
				GCC_C_LANGUAGE_STANDARD = gnu11;
				GCC_DYNAMIC_NO_PIC = NO;
				GCC_NO_COMMON_BLOCKS = YES;
				GCC_OPTIMIZATION_LEVEL = 0;
				GCC_PREPROCESSOR_DEFINITIONS = (
					"DEBUG=1",
					"$(inherited)",
				);
				GCC_WARN_64_TO_32_BIT_CONVERSION = YES;
				GCC_WARN_ABOUT_RETURN_TYPE = YES_ERROR;
				GCC_WARN_UNDECLARED_SELECTOR = YES;
				GCC_WARN_UNINITIALIZED_AUTOS = YES_AGGRESSIVE;
				GCC_WARN_UNUSED_FUNCTION = YES;
				GCC_WARN_UNUSED_VARIABLE = YES;
				IPHONEOS_DEPLOYMENT_TARGET = 11.2;
				MTL_ENABLE_DEBUG_INFO = YES;
				ONLY_ACTIVE_ARCH = YES;
				SDKROOT = iphoneos;
				SWIFT_ACTIVE_COMPILATION_CONDITIONS = DEBUG;
				SWIFT_OPTIMIZATION_LEVEL = "-Onone";
			};
			name = Debug;
		};
		FA1550FC200909750009EB00 /* Release */ = {
			isa = XCBuildConfiguration;
			buildSettings = {
				ALWAYS_SEARCH_USER_PATHS = NO;
				CLANG_ANALYZER_NONNULL = YES;
				CLANG_ANALYZER_NUMBER_OBJECT_CONVERSION = YES_AGGRESSIVE;
				CLANG_CXX_LANGUAGE_STANDARD = "gnu++14";
				CLANG_CXX_LIBRARY = "libc++";
				CLANG_ENABLE_MODULES = YES;
				CLANG_ENABLE_OBJC_ARC = YES;
				CLANG_WARN_BLOCK_CAPTURE_AUTORELEASING = YES;
				CLANG_WARN_BOOL_CONVERSION = YES;
				CLANG_WARN_COMMA = YES;
				CLANG_WARN_CONSTANT_CONVERSION = YES;
				CLANG_WARN_DIRECT_OBJC_ISA_USAGE = YES_ERROR;
				CLANG_WARN_DOCUMENTATION_COMMENTS = YES;
				CLANG_WARN_EMPTY_BODY = YES;
				CLANG_WARN_ENUM_CONVERSION = YES;
				CLANG_WARN_INFINITE_RECURSION = YES;
				CLANG_WARN_INT_CONVERSION = YES;
				CLANG_WARN_NON_LITERAL_NULL_CONVERSION = YES;
				CLANG_WARN_OBJC_LITERAL_CONVERSION = YES;
				CLANG_WARN_OBJC_ROOT_CLASS = YES_ERROR;
				CLANG_WARN_RANGE_LOOP_ANALYSIS = YES;
				CLANG_WARN_STRICT_PROTOTYPES = YES;
				CLANG_WARN_SUSPICIOUS_MOVE = YES;
				CLANG_WARN_UNGUARDED_AVAILABILITY = YES_AGGRESSIVE;
				CLANG_WARN_UNREACHABLE_CODE = YES;
				CLANG_WARN__DUPLICATE_METHOD_MATCH = YES;
				CODE_SIGN_IDENTITY = "iPhone Developer";
				COPY_PHASE_STRIP = NO;
				DEBUG_INFORMATION_FORMAT = "dwarf-with-dsym";
				ENABLE_NS_ASSERTIONS = NO;
				ENABLE_STRICT_OBJC_MSGSEND = YES;
				GCC_C_LANGUAGE_STANDARD = gnu11;
				GCC_NO_COMMON_BLOCKS = YES;
				GCC_WARN_64_TO_32_BIT_CONVERSION = YES;
				GCC_WARN_ABOUT_RETURN_TYPE = YES_ERROR;
				GCC_WARN_UNDECLARED_SELECTOR = YES;
				GCC_WARN_UNINITIALIZED_AUTOS = YES_AGGRESSIVE;
				GCC_WARN_UNUSED_FUNCTION = YES;
				GCC_WARN_UNUSED_VARIABLE = YES;
				IPHONEOS_DEPLOYMENT_TARGET = 11.2;
				MTL_ENABLE_DEBUG_INFO = NO;
				SDKROOT = iphoneos;
				SWIFT_OPTIMIZATION_LEVEL = "-Owholemodule";
				VALIDATE_PRODUCT = YES;
			};
			name = Release;
		};
		FA1550FE200909750009EB00 /* Debug */ = {
			isa = XCBuildConfiguration;
			buildSettings = {
				ASSETCATALOG_COMPILER_APPICON_NAME = AppIcon;
				CODE_SIGN_STYLE = Automatic;
				DEVELOPMENT_TEAM = C7TWJET8M7;
				INFOPLIST_FILE = tableview2/Info.plist;
				LD_RUNPATH_SEARCH_PATHS = "$(inherited) @executable_path/Frameworks";
				PRODUCT_BUNDLE_IDENTIFIER = ejemplo.tableview2;
				PRODUCT_NAME = "$(TARGET_NAME)";
				SWIFT_VERSION = 4.0;
				TARGETED_DEVICE_FAMILY = "1,2";
			};
			name = Debug;
		};
		FA1550FF200909750009EB00 /* Release */ = {
			isa = XCBuildConfiguration;
			buildSettings = {
				ASSETCATALOG_COMPILER_APPICON_NAME = AppIcon;
				CODE_SIGN_STYLE = Automatic;
				DEVELOPMENT_TEAM = C7TWJET8M7;
				INFOPLIST_FILE = tableview2/Info.plist;
				LD_RUNPATH_SEARCH_PATHS = "$(inherited) @executable_path/Frameworks";
				PRODUCT_BUNDLE_IDENTIFIER = ejemplo.tableview2;
				PRODUCT_NAME = "$(TARGET_NAME)";
				SWIFT_VERSION = 4.0;
				TARGETED_DEVICE_FAMILY = "1,2";
			};
			name = Release;
		};
/* End XCBuildConfiguration section */

/* Begin XCConfigurationList section */
		FA1550E6200909750009EB00 /* Build configuration list for PBXProject "tableview2" */ = {
			isa = XCConfigurationList;
			buildConfigurations = (
				FA1550FB200909750009EB00 /* Debug */,
				FA1550FC200909750009EB00 /* Release */,
			);
			defaultConfigurationIsVisible = 0;
			defaultConfigurationName = Release;
		};
		FA1550FD200909750009EB00 /* Build configuration list for PBXNativeTarget "tableview2" */ = {
			isa = XCConfigurationList;
			buildConfigurations = (
				FA1550FE200909750009EB00 /* Debug */,
				FA1550FF200909750009EB00 /* Release */,
			);
			defaultConfigurationIsVisible = 0;
			defaultConfigurationName = Release;
		};
/* End XCConfigurationList section */
	};
	rootObject = FA1550E3200909750009EB00 /* Project object */;
}
